
Microsoft Visual Studio Solution File, Format Version 12.00
# Visual Studio 15
VisualStudioVersion = 15.0.26730.3
MinimumVisualStudioVersion = 10.0.40219.1
Project("{FAE04EC0-301F-11D3-BF4B-00C04F79EFBC}") = "Interdisciplinar", "Interdisciplinar\Interdisciplinar.csproj", "{4877C068-17A6-4254-AE1C-91FA06D76569}"
EndProject
Global
	GlobalSection(SolutionConfigurationPlatforms) = preSolution
		Debug|Any CPU = Debug|Any CPU
		Release|Any CPU = Release|Any CPU
	EndGlobalSection
	GlobalSection(ProjectConfigurationPlatforms) = postSolution
		{4877C068-17A6-4254-AE1C-91FA06D76569}.Debug|Any CPU.ActiveCfg = Debug|Any CPU
		{4877C068-17A6-4254-AE1C-91FA06D76569}.Debug|Any CPU.Build.0 = Debug|Any CPU
		{4877C068-17A6-4254-AE1C-91FA06D76569}.Release|Any CPU.ActiveCfg = Release|Any CPU
		{4877C068-17A6-4254-AE1C-91FA06D76569}.Release|Any CPU.Build.0 = Release|Any CPU
	EndGlobalSection
	GlobalSection(SolutionProperties) = preSolution
		HideSolutionNode = FALSE
	EndGlobalSection
	GlobalSection(ExtensibilityGlobals) = postSolution
		SolutionGuid = {E298FB0D-6B8D-47EE-8F33-66AF7647A78C}
	EndGlobalSection
EndGlobal
